// !$*UTF8*$!
{
	archiveVersion = 1;
	classes = {
	};
	objectVersion = 54;
	objects = {

/* Begin PBXBuildFile section */
		6BFF80FA261E138A002CDCD1 /* AppDelegate.swift in Sources */ = {isa = PBXBuildFile; fileRef = 6BFF80F9261E138A002CDCD1 /* AppDelegate.swift */; };
		6BFF80FC261E138A002CDCD1 /* SceneDelegate.swift in Sources */ = {isa = PBXBuildFile; fileRef = 6BFF80FB261E138A002CDCD1 /* SceneDelegate.swift */; };
		6BFF80FE261E138A002CDCD1 /* ViewController.swift in Sources */ = {isa = PBXBuildFile; fileRef = 6BFF80FD261E138A002CDCD1 /* ViewController.swift */; };
		6BFF8101261E138A002CDCD1 /* Main.storyboard in Resources */ = {isa = PBXBuildFile; fileRef = 6BFF80FF261E138A002CDCD1 /* Main.storyboard */; };
		6BFF8103261E138C002CDCD1 /* Assets.xcassets in Resources */ = {isa = PBXBuildFile; fileRef = 6BFF8102261E138C002CDCD1 /* Assets.xcassets */; };
		6BFF8106261E138C002CDCD1 /* LaunchScreen.storyboard in Resources */ = {isa = PBXBuildFile; fileRef = 6BFF8104261E138C002CDCD1 /* LaunchScreen.storyboard */; };
		F7407C832CE359A700FC97BE /* FNMNetworkMonitor in Frameworks */ = {isa = PBXBuildFile; productRef = F7407C822CE359A700FC97BE /* FNMNetworkMonitor */; };
		F7407C862CE359D600FC97BE /* FNMNetworkMonitor in Frameworks */ = {isa = PBXBuildFile; productRef = F7407C852CE359D600FC97BE /* FNMNetworkMonitor */; };
		F7407C882CE359E000FC97BE /* FNMNetworkMonitor in Frameworks */ = {isa = PBXBuildFile; productRef = F7407C872CE359E000FC97BE /* FNMNetworkMonitor */; };
		F7407C8B2CE359F200FC97BE /* FNMNetworkMonitor in Frameworks */ = {isa = PBXBuildFile; productRef = F7407C8A2CE359F200FC97BE /* FNMNetworkMonitor */; };
/* End PBXBuildFile section */

/* Begin PBXContainerItemProxy section */
		6BFF8129261E249B002CDCD1 /* PBXContainerItemProxy */ = {
			isa = PBXContainerItemProxy;
			containerPortal = 6BFF8124261E249B002CDCD1 /* NetworkMonitor.xcodeproj */;
			proxyType = 2;
			remoteGlobalIDString = F793CA4D1F9E361900AA9C41;
			remoteInfo = FNMNetworkMonitor;
		};
		6BFF812B261E249B002CDCD1 /* PBXContainerItemProxy */ = {
			isa = PBXContainerItemProxy;
			containerPortal = 6BFF8124261E249B002CDCD1 /* NetworkMonitor.xcodeproj */;
			proxyType = 2;
			remoteGlobalIDString = F793CA661F9E474200AA9C41;
			remoteInfo = FNMNetworkMonitorUnitTests;
		};
/* End PBXContainerItemProxy section */

/* Begin PBXFileReference section */
		6BFF80F6261E138A002CDCD1 /* Sample.app */ = {isa = PBXFileReference; explicitFileType = wrapper.application; includeInIndex = 0; path = Sample.app; sourceTree = BUILT_PRODUCTS_DIR; };
		6BFF80F9261E138A002CDCD1 /* AppDelegate.swift */ = {isa = PBXFileReference; lastKnownFileType = sourcecode.swift; path = AppDelegate.swift; sourceTree = "<group>"; };
		6BFF80FB261E138A002CDCD1 /* SceneDelegate.swift */ = {isa = PBXFileReference; lastKnownFileType = sourcecode.swift; path = SceneDelegate.swift; sourceTree = "<group>"; };
		6BFF80FD261E138A002CDCD1 /* ViewController.swift */ = {isa = PBXFileReference; lastKnownFileType = sourcecode.swift; path = ViewController.swift; sourceTree = "<group>"; };
		6BFF8100261E138A002CDCD1 /* Base */ = {isa = PBXFileReference; lastKnownFileType = file.storyboard; name = Base; path = Base.lproj/Main.storyboard; sourceTree = "<group>"; };
		6BFF8102261E138C002CDCD1 /* Assets.xcassets */ = {isa = PBXFileReference; lastKnownFileType = folder.assetcatalog; path = Assets.xcassets; sourceTree = "<group>"; };
		6BFF8105261E138C002CDCD1 /* Base */ = {isa = PBXFileReference; lastKnownFileType = file.storyboard; name = Base; path = Base.lproj/LaunchScreen.storyboard; sourceTree = "<group>"; };
		6BFF8107261E138C002CDCD1 /* Info.plist */ = {isa = PBXFileReference; lastKnownFileType = text.plist.xml; path = Info.plist; sourceTree = "<group>"; };
		6BFF8124261E249B002CDCD1 /* NetworkMonitor.xcodeproj */ = {isa = PBXFileReference; lastKnownFileType = "wrapper.pb-project"; name = NetworkMonitor.xcodeproj; path = ../NetworkMonitor.xcodeproj; sourceTree = "<group>"; };
/* End PBXFileReference section */

/* Begin PBXFrameworksBuildPhase section */
		6BFF80F3261E138A002CDCD1 /* Frameworks */ = {
			isa = PBXFrameworksBuildPhase;
			buildActionMask = 2147483647;
			files = (
				F7407C8B2CE359F200FC97BE /* FNMNetworkMonitor in Frameworks */,
				F7407C862CE359D600FC97BE /* FNMNetworkMonitor in Frameworks */,
				F7407C882CE359E000FC97BE /* FNMNetworkMonitor in Frameworks */,
				F7407C832CE359A700FC97BE /* FNMNetworkMonitor in Frameworks */,
			);
			runOnlyForDeploymentPostprocessing = 0;
		};
/* End PBXFrameworksBuildPhase section */

/* Begin PBXGroup section */
		6BFF80ED261E138A002CDCD1 = {
			isa = PBXGroup;
			children = (
				6BFF80F8261E138A002CDCD1 /* Sample */,
				6BFF80F7261E138A002CDCD1 /* Products */,
				6BFF811C261E2253002CDCD1 /* Frameworks */,
			);
			sourceTree = "<group>";
		};
		6BFF80F7261E138A002CDCD1 /* Products */ = {
			isa = PBXGroup;
			children = (
				6BFF80F6261E138A002CDCD1 /* Sample.app */,
			);
			name = Products;
			sourceTree = "<group>";
		};
		6BFF80F8261E138A002CDCD1 /* Sample */ = {
			isa = PBXGroup;
			children = (
				6BFF80F9261E138A002CDCD1 /* AppDelegate.swift */,
				6BFF80FB261E138A002CDCD1 /* SceneDelegate.swift */,
				6BFF80FD261E138A002CDCD1 /* ViewController.swift */,
				6BFF80FF261E138A002CDCD1 /* Main.storyboard */,
				6BFF8102261E138C002CDCD1 /* Assets.xcassets */,
				6BFF8104261E138C002CDCD1 /* LaunchScreen.storyboard */,
				6BFF8107261E138C002CDCD1 /* Info.plist */,
			);
			path = Sample;
			sourceTree = "<group>";
		};
		6BFF811C261E2253002CDCD1 /* Frameworks */ = {
			isa = PBXGroup;
			children = (
				6BFF8124261E249B002CDCD1 /* NetworkMonitor.xcodeproj */,
			);
			name = Frameworks;
			sourceTree = "<group>";
		};
		6BFF8125261E249B002CDCD1 /* Products */ = {
			isa = PBXGroup;
			children = (
				6BFF812A261E249B002CDCD1 /* FNMNetworkMonitor.framework */,
				6BFF812C261E249B002CDCD1 /* FNMNetworkMonitorUnitTests.xctest */,
			);
			name = Products;
			sourceTree = "<group>";
		};
/* End PBXGroup section */

/* Begin PBXNativeTarget section */
		6BFF80F5261E138A002CDCD1 /* Sample */ = {
			isa = PBXNativeTarget;
			buildConfigurationList = 6BFF810A261E138C002CDCD1 /* Build configuration list for PBXNativeTarget "Sample" */;
			buildPhases = (
				6BFF80F2261E138A002CDCD1 /* Sources */,
				6BFF80F3261E138A002CDCD1 /* Frameworks */,
				6BFF80F4261E138A002CDCD1 /* Resources */,
			);
			buildRules = (
			);
			dependencies = (
			);
			name = Sample;
			productName = Sample;
			productReference = 6BFF80F6261E138A002CDCD1 /* Sample.app */;
			productType = "com.apple.product-type.application";
		};
/* End PBXNativeTarget section */

/* Begin PBXProject section */
		6BFF80EE261E138A002CDCD1 /* Project object */ = {
			isa = PBXProject;
			attributes = {
				BuildIndependentTargetsInParallel = YES;
				LastSwiftUpdateCheck = 1250;
				LastUpgradeCheck = 1610;
				TargetAttributes = {
					6BFF80F5261E138A002CDCD1 = {
						CreatedOnToolsVersion = 12.5;
					};
				};
			};
			buildConfigurationList = 6BFF80F1261E138A002CDCD1 /* Build configuration list for PBXProject "Sample" */;
			compatibilityVersion = "Xcode 9.3";
			developmentRegion = en;
			hasScannedForEncodings = 0;
			knownRegions = (
				en,
				Base,
			);
			mainGroup = 6BFF80ED261E138A002CDCD1;
			packageReferences = (
				F7407C892CE359F200FC97BE /* XCRemoteSwiftPackageReference "network-monitor-ios" */,
			);
			productRefGroup = 6BFF80F7261E138A002CDCD1 /* Products */;
			projectDirPath = "";
			projectReferences = (
				{
					ProductGroup = 6BFF8125261E249B002CDCD1 /* Products */;
					ProjectRef = 6BFF8124261E249B002CDCD1 /* NetworkMonitor.xcodeproj */;
				},
			);
			projectRoot = "";
			targets = (
				6BFF80F5261E138A002CDCD1 /* Sample */,
			);
		};
/* End PBXProject section */

/* Begin PBXReferenceProxy section */
		6BFF812A261E249B002CDCD1 /* FNMNetworkMonitor.framework */ = {
			isa = PBXReferenceProxy;
			fileType = wrapper.framework;
			path = FNMNetworkMonitor.framework;
			remoteRef = 6BFF8129261E249B002CDCD1 /* PBXContainerItemProxy */;
			sourceTree = BUILT_PRODUCTS_DIR;
		};
		6BFF812C261E249B002CDCD1 /* FNMNetworkMonitorUnitTests.xctest */ = {
			isa = PBXReferenceProxy;
			fileType = wrapper.cfbundle;
			path = FNMNetworkMonitorUnitTests.xctest;
			remoteRef = 6BFF812B261E249B002CDCD1 /* PBXContainerItemProxy */;
			sourceTree = BUILT_PRODUCTS_DIR;
		};
/* End PBXReferenceProxy section */

/* Begin PBXResourcesBuildPhase section */
		6BFF80F4261E138A002CDCD1 /* Resources */ = {
			isa = PBXResourcesBuildPhase;
			buildActionMask = 2147483647;
			files = (
				6BFF8106261E138C002CDCD1 /* LaunchScreen.storyboard in Resources */,
				6BFF8103261E138C002CDCD1 /* Assets.xcassets in Resources */,
				6BFF8101261E138A002CDCD1 /* Main.storyboard in Resources */,
			);
			runOnlyForDeploymentPostprocessing = 0;
		};
/* End PBXResourcesBuildPhase section */

/* Begin PBXSourcesBuildPhase section */
		6BFF80F2261E138A002CDCD1 /* Sources */ = {
			isa = PBXSourcesBuildPhase;
			buildActionMask = 2147483647;
			files = (
				6BFF80FE261E138A002CDCD1 /* ViewController.swift in Sources */,
				6BFF80FA261E138A002CDCD1 /* AppDelegate.swift in Sources */,
				6BFF80FC261E138A002CDCD1 /* SceneDelegate.swift in Sources */,
			);
			runOnlyForDeploymentPostprocessing = 0;
		};
/* End PBXSourcesBuildPhase section */

/* Begin PBXVariantGroup section */
		6BFF80FF261E138A002CDCD1 /* Main.storyboard */ = {
			isa = PBXVariantGroup;
			children = (
				6BFF8100261E138A002CDCD1 /* Base */,
			);
			name = Main.storyboard;
			sourceTree = "<group>";
		};
		6BFF8104261E138C002CDCD1 /* LaunchScreen.storyboard */ = {
			isa = PBXVariantGroup;
			children = (
				6BFF8105261E138C002CDCD1 /* Base */,
			);
			name = LaunchScreen.storyboard;
			sourceTree = "<group>";
		};
/* End PBXVariantGroup section */

/* Begin XCBuildConfiguration section */
		6BFF8108261E138C002CDCD1 /* Debug */ = {
			isa = XCBuildConfiguration;
			buildSettings = {
				ALWAYS_SEARCH_USER_PATHS = NO;
				CLANG_ANALYZER_NONNULL = YES;
				CLANG_ANALYZER_NUMBER_OBJECT_CONVERSION = YES_AGGRESSIVE;
				CLANG_CXX_LANGUAGE_STANDARD = "gnu++14";
				CLANG_CXX_LIBRARY = "libc++";
				CLANG_ENABLE_MODULES = YES;
				CLANG_ENABLE_OBJC_ARC = YES;
				CLANG_ENABLE_OBJC_WEAK = YES;
				CLANG_WARN_BLOCK_CAPTURE_AUTORELEASING = YES;
				CLANG_WARN_BOOL_CONVERSION = YES;
				CLANG_WARN_COMMA = YES;
				CLANG_WARN_CONSTANT_CONVERSION = YES;
				CLANG_WARN_DEPRECATED_OBJC_IMPLEMENTATIONS = YES;
				CLANG_WARN_DIRECT_OBJC_ISA_USAGE = YES_ERROR;
				CLANG_WARN_DOCUMENTATION_COMMENTS = YES;
				CLANG_WARN_EMPTY_BODY = YES;
				CLANG_WARN_ENUM_CONVERSION = YES;
				CLANG_WARN_INFINITE_RECURSION = YES;
				CLANG_WARN_INT_CONVERSION = YES;
				CLANG_WARN_NON_LITERAL_NULL_CONVERSION = YES;
				CLANG_WARN_OBJC_IMPLICIT_RETAIN_SELF = YES;
				CLANG_WARN_OBJC_LITERAL_CONVERSION = YES;
				CLANG_WARN_OBJC_ROOT_CLASS = YES_ERROR;
				CLANG_WARN_QUOTED_INCLUDE_IN_FRAMEWORK_HEADER = YES;
				CLANG_WARN_RANGE_LOOP_ANALYSIS = YES;
				CLANG_WARN_STRICT_PROTOTYPES = YES;
				CLANG_WARN_SUSPICIOUS_MOVE = YES;
				CLANG_WARN_UNGUARDED_AVAILABILITY = YES_AGGRESSIVE;
				CLANG_WARN_UNREACHABLE_CODE = YES;
				CLANG_WARN__DUPLICATE_METHOD_MATCH = YES;
				COPY_PHASE_STRIP = NO;
				DEBUG_INFORMATION_FORMAT = dwarf;
				ENABLE_STRICT_OBJC_MSGSEND = YES;
				ENABLE_TESTABILITY = YES;
				GCC_C_LANGUAGE_STANDARD = gnu11;
				GCC_DYNAMIC_NO_PIC = NO;
				GCC_NO_COMMON_BLOCKS = YES;
				GCC_OPTIMIZATION_LEVEL = 0;
				GCC_PREPROCESSOR_DEFINITIONS = (
					"DEBUG=1",
					"$(inherited)",
				);
				GCC_WARN_64_TO_32_BIT_CONVERSION = YES;
				GCC_WARN_ABOUT_RETURN_TYPE = YES_ERROR;
				GCC_WARN_UNDECLARED_SELECTOR = YES;
				GCC_WARN_UNINITIALIZED_AUTOS = YES_AGGRESSIVE;
				GCC_WARN_UNUSED_FUNCTION = YES;
				GCC_WARN_UNUSED_VARIABLE = YES;
				IPHONEOS_DEPLOYMENT_TARGET = 18.0;
				MTL_ENABLE_DEBUG_INFO = INCLUDE_SOURCE;
				MTL_FAST_MATH = YES;
				ONLY_ACTIVE_ARCH = YES;
				SDKROOT = iphoneos;
				SWIFT_ACTIVE_COMPILATION_CONDITIONS = DEBUG;
				SWIFT_OPTIMIZATION_LEVEL = "-Onone";
			};
			name = Debug;
		};
		6BFF8109261E138C002CDCD1 /* Release */ = {
			isa = XCBuildConfiguration;
			buildSettings = {
				ALWAYS_SEARCH_USER_PATHS = NO;
				CLANG_ANALYZER_NONNULL = YES;
				CLANG_ANALYZER_NUMBER_OBJECT_CONVERSION = YES_AGGRESSIVE;
				CLANG_CXX_LANGUAGE_STANDARD = "gnu++14";
				CLANG_CXX_LIBRARY = "libc++";
				CLANG_ENABLE_MODULES = YES;
				CLANG_ENABLE_OBJC_ARC = YES;
				CLANG_ENABLE_OBJC_WEAK = YES;
				CLANG_WARN_BLOCK_CAPTURE_AUTORELEASING = YES;
				CLANG_WARN_BOOL_CONVERSION = YES;
				CLANG_WARN_COMMA = YES;
				CLANG_WARN_CONSTANT_CONVERSION = YES;
				CLANG_WARN_DEPRECATED_OBJC_IMPLEMENTATIONS = YES;
				CLANG_WARN_DIRECT_OBJC_ISA_USAGE = YES_ERROR;
				CLANG_WARN_DOCUMENTATION_COMMENTS = YES;
				CLANG_WARN_EMPTY_BODY = YES;
				CLANG_WARN_ENUM_CONVERSION = YES;
				CLANG_WARN_INFINITE_RECURSION = YES;
				CLANG_WARN_INT_CONVERSION = YES;
				CLANG_WARN_NON_LITERAL_NULL_CONVERSION = YES;
				CLANG_WARN_OBJC_IMPLICIT_RETAIN_SELF = YES;
				CLANG_WARN_OBJC_LITERAL_CONVERSION = YES;
				CLANG_WARN_OBJC_ROOT_CLASS = YES_ERROR;
				CLANG_WARN_QUOTED_INCLUDE_IN_FRAMEWORK_HEADER = YES;
				CLANG_WARN_RANGE_LOOP_ANALYSIS = YES;
				CLANG_WARN_STRICT_PROTOTYPES = YES;
				CLANG_WARN_SUSPICIOUS_MOVE = YES;
				CLANG_WARN_UNGUARDED_AVAILABILITY = YES_AGGRESSIVE;
				CLANG_WARN_UNREACHABLE_CODE = YES;
				CLANG_WARN__DUPLICATE_METHOD_MATCH = YES;
				COPY_PHASE_STRIP = NO;
				DEBUG_INFORMATION_FORMAT = "dwarf-with-dsym";
				ENABLE_NS_ASSERTIONS = NO;
				ENABLE_STRICT_OBJC_MSGSEND = YES;
				GCC_C_LANGUAGE_STANDARD = gnu11;
				GCC_NO_COMMON_BLOCKS = YES;
				GCC_WARN_64_TO_32_BIT_CONVERSION = YES;
				GCC_WARN_ABOUT_RETURN_TYPE = YES_ERROR;
				GCC_WARN_UNDECLARED_SELECTOR = YES;
				GCC_WARN_UNINITIALIZED_AUTOS = YES_AGGRESSIVE;
				GCC_WARN_UNUSED_FUNCTION = YES;
				GCC_WARN_UNUSED_VARIABLE = YES;
				IPHONEOS_DEPLOYMENT_TARGET = 18.0;
				MTL_ENABLE_DEBUG_INFO = NO;
				MTL_FAST_MATH = YES;
				SDKROOT = iphoneos;
				SWIFT_COMPILATION_MODE = wholemodule;
				SWIFT_OPTIMIZATION_LEVEL = "-O";
				VALIDATE_PRODUCT = YES;
			};
			name = Release;
		};
		6BFF810B261E138C002CDCD1 /* Debug */ = {
			isa = XCBuildConfiguration;
			buildSettings = {
				ASSETCATALOG_COMPILER_APPICON_NAME = AppIcon;
				CODE_SIGN_STYLE = Automatic;
				INFOPLIST_FILE = Sample/Info.plist;
				LD_RUNPATH_SEARCH_PATHS = (
					"$(inherited)",
					"@executable_path/Frameworks",
				);
				PRODUCT_BUNDLE_IDENTIFIER = com.networkmonitor.Sample;
				PRODUCT_NAME = "$(TARGET_NAME)";
				SWIFT_VERSION = 5.0;
				TARGETED_DEVICE_FAMILY = "1,2";
			};
			name = Debug;
		};
		6BFF810C261E138C002CDCD1 /* Release */ = {
			isa = XCBuildConfiguration;
			buildSettings = {
				ASSETCATALOG_COMPILER_APPICON_NAME = AppIcon;
				CODE_SIGN_STYLE = Automatic;
				INFOPLIST_FILE = Sample/Info.plist;
				LD_RUNPATH_SEARCH_PATHS = (
					"$(inherited)",
					"@executable_path/Frameworks",
				);
				PRODUCT_BUNDLE_IDENTIFIER = com.networkmonitor.Sample;
				PRODUCT_NAME = "$(TARGET_NAME)";
				SWIFT_VERSION = 5.0;
				TARGETED_DEVICE_FAMILY = "1,2";
			};
			name = Release;
		};
/* End XCBuildConfiguration section */

/* Begin XCConfigurationList section */
		6BFF80F1261E138A002CDCD1 /* Build configuration list for PBXProject "Sample" */ = {
			isa = XCConfigurationList;
			buildConfigurations = (
				6BFF8108261E138C002CDCD1 /* Debug */,
				6BFF8109261E138C002CDCD1 /* Release */,
			);
			defaultConfigurationIsVisible = 0;
			defaultConfigurationName = Release;
		};
		6BFF810A261E138C002CDCD1 /* Build configuration list for PBXNativeTarget "Sample" */ = {
			isa = XCConfigurationList;
			buildConfigurations = (
				6BFF810B261E138C002CDCD1 /* Debug */,
				6BFF810C261E138C002CDCD1 /* Release */,
			);
			defaultConfigurationIsVisible = 0;
			defaultConfigurationName = Release;
		};
/* End XCConfigurationList section */

/* Begin XCRemoteSwiftPackageReference section */
		F7407C892CE359F200FC97BE /* XCRemoteSwiftPackageReference "network-monitor-ios" */ = {
			isa = XCRemoteSwiftPackageReference;
			repositoryURL = "https://github.com/Farfetch/network-monitor-ios.git";
			requirement = {
				kind = upToNextMajorVersion;
				minimumVersion = 12.0.0;
			};
		};
/* End XCRemoteSwiftPackageReference section */

/* Begin XCSwiftPackageProductDependency section */
		F7407C822CE359A700FC97BE /* FNMNetworkMonitor */ = {
			isa = XCSwiftPackageProductDependency;
			productName = FNMNetworkMonitor;
		};
		F7407C852CE359D600FC97BE /* FNMNetworkMonitor */ = {
			isa = XCSwiftPackageProductDependency;
			productName = FNMNetworkMonitor;
		};
		F7407C872CE359E000FC97BE /* FNMNetworkMonitor */ = {
			isa = XCSwiftPackageProductDependency;
			productName = FNMNetworkMonitor;
		};
		F7407C8A2CE359F200FC97BE /* FNMNetworkMonitor */ = {
			isa = XCSwiftPackageProductDependency;
			package = F7407C892CE359F200FC97BE /* XCRemoteSwiftPackageReference "network-monitor-ios" */;
			productName = FNMNetworkMonitor;
		};
/* End XCSwiftPackageProductDependency section */
	};
	rootObject = 6BFF80EE261E138A002CDCD1 /* Project object */;
}
